// !$*UTF8*$!
{
	archiveVersion = 1;
	classes = {
	};
	objectVersion = 46;
	objects = {

/* Begin PBXBuildFile section */
		0C78432A1A9762C100A11D6F /* misilc.atlas in Resources */ = {isa = PBXBuildFile; fileRef = 0C7843291A9762C100A11D6F /* misilc.atlas */; };
		0C83C2F61A94FF5900133F03 /* sub.atlas in Resources */ = {isa = PBXBuildFile; fileRef = 0C83C2F51A94FF5900133F03 /* sub.atlas */; };
		0CEA52241A924CA500DC6F9B /* Volar.swift in Sources */ = {isa = PBXBuildFile; fileRef = 0CEA52231A924CA500DC6F9B /* Volar.swift */; };
		136B56731A7E92B60045395D /* Record.swift in Sources */ = {isa = PBXBuildFile; fileRef = 136B56721A7E92B60045395D /* Record.swift */; };
		136FE5001A7FF5330009D189 /* explosion.mp3 in Resources */ = {isa = PBXBuildFile; fileRef = 136FE4FF1A7FF5330009D189 /* explosion.mp3 */; };
		1392BFC81A6142EF00CCC422 /* Enemy.swift in Sources */ = {isa = PBXBuildFile; fileRef = 1392BFC71A6142EF00CCC422 /* Enemy.swift */; };
		1392BFCA1A6168F500CCC422 /* estelaMar.sks in Resources */ = {isa = PBXBuildFile; fileRef = 1392BFC91A6168F500CCC422 /* estelaMar.sks */; };
		1392BFCC1A616B0100CCC422 /* spark.png in Resources */ = {isa = PBXBuildFile; fileRef = 1392BFCB1A616B0100CCC422 /* spark.png */; };
		13DD9D9A1A86303D00691401 /* Instrucciones.swift in Sources */ = {isa = PBXBuildFile; fileRef = 13DD9D991A86303D00691401 /* Instrucciones.swift */; };
		13DD9D9C1A86632200691401 /* explosion.sks in Resources */ = {isa = PBXBuildFile; fileRef = 13DD9D9B1A86632200691401 /* explosion.sks */; };
		829FE4551A41E822001AD7D1 /* utilidades.swift in Sources */ = {isa = PBXBuildFile; fileRef = 829FE4541A41E822001AD7D1 /* utilidades.swift */; };
		9A0E57F11A40CB5D0079AD38 /* AppDelegate.swift in Sources */ = {isa = PBXBuildFile; fileRef = 9A0E57F01A40CB5D0079AD38 /* AppDelegate.swift */; };
		9A0E57F31A40CB5D0079AD38 /* ViewController.swift in Sources */ = {isa = PBXBuildFile; fileRef = 9A0E57F21A40CB5D0079AD38 /* ViewController.swift */; };
		9A0E57F61A40CB5D0079AD38 /* Main.storyboard in Resources */ = {isa = PBXBuildFile; fileRef = 9A0E57F41A40CB5D0079AD38 /* Main.storyboard */; };
		9A0E57F81A40CB5D0079AD38 /* Images.xcassets in Resources */ = {isa = PBXBuildFile; fileRef = 9A0E57F71A40CB5D0079AD38 /* Images.xcassets */; };
		9A0E57FB1A40CB5D0079AD38 /* LaunchScreen.xib in Resources */ = {isa = PBXBuildFile; fileRef = 9A0E57F91A40CB5D0079AD38 /* LaunchScreen.xib */; };
		9A0E58071A40CB5D0079AD38 /* UBoat_LEXTests.swift in Sources */ = {isa = PBXBuildFile; fileRef = 9A0E58061A40CB5D0079AD38 /* UBoat_LEXTests.swift */; };
		9A0E58111A40CC050079AD38 /* Menu.swift in Sources */ = {isa = PBXBuildFile; fileRef = 9A0E58101A40CC050079AD38 /* Menu.swift */; };
		9A0E58131A40D1090079AD38 /* Juego.swift in Sources */ = {isa = PBXBuildFile; fileRef = 9A0E58121A40D1090079AD38 /* Juego.swift */; };
/* End PBXBuildFile section */

/* Begin PBXContainerItemProxy section */
		9A0E58011A40CB5D0079AD38 /* PBXContainerItemProxy */ = {
			isa = PBXContainerItemProxy;
			containerPortal = 9A0E57E31A40CB5D0079AD38 /* Project object */;
			proxyType = 1;
			remoteGlobalIDString = 9A0E57EA1A40CB5D0079AD38;
			remoteInfo = "UBoat LEX";
		};
/* End PBXContainerItemProxy section */

/* Begin PBXFileReference section */
		0C7843291A9762C100A11D6F /* misilc.atlas */ = {isa = PBXFileReference; lastKnownFileType = folder.skatlas; path = misilc.atlas; sourceTree = "<group>"; };
		0C83C2F51A94FF5900133F03 /* sub.atlas */ = {isa = PBXFileReference; lastKnownFileType = folder.skatlas; name = sub.atlas; path = "../../../../zWork/2015/LexcodeCurso/untitled folder/sub.atlas"; sourceTree = "<group>"; };
		0CEA52231A924CA500DC6F9B /* Volar.swift */ = {isa = PBXFileReference; fileEncoding = 4; lastKnownFileType = sourcecode.swift; path = Volar.swift; sourceTree = "<group>"; };
		136B56721A7E92B60045395D /* Record.swift */ = {isa = PBXFileReference; fileEncoding = 4; lastKnownFileType = sourcecode.swift; path = Record.swift; sourceTree = "<group>"; };
		136FE4FF1A7FF5330009D189 /* explosion.mp3 */ = {isa = PBXFileReference; lastKnownFileType = audio.mp3; path = explosion.mp3; sourceTree = "<group>"; };
		1392BFC71A6142EF00CCC422 /* Enemy.swift */ = {isa = PBXFileReference; fileEncoding = 4; lastKnownFileType = sourcecode.swift; path = Enemy.swift; sourceTree = "<group>"; };
		1392BFC91A6168F500CCC422 /* estelaMar.sks */ = {isa = PBXFileReference; lastKnownFileType = file.sks; path = estelaMar.sks; sourceTree = "<group>"; };
		1392BFCB1A616B0100CCC422 /* spark.png */ = {isa = PBXFileReference; lastKnownFileType = image.png; path = spark.png; sourceTree = "<group>"; };
		13DD9D991A86303D00691401 /* Instrucciones.swift */ = {isa = PBXFileReference; fileEncoding = 4; lastKnownFileType = sourcecode.swift; path = Instrucciones.swift; sourceTree = "<group>"; };
		13DD9D9B1A86632200691401 /* explosion.sks */ = {isa = PBXFileReference; lastKnownFileType = file.sks; path = explosion.sks; sourceTree = "<group>"; };
		829FE4541A41E822001AD7D1 /* utilidades.swift */ = {isa = PBXFileReference; fileEncoding = 4; lastKnownFileType = sourcecode.swift; path = utilidades.swift; sourceTree = "<group>"; };
		9A0E57EB1A40CB5D0079AD38 /* UBoat LEX.app */ = {isa = PBXFileReference; explicitFileType = wrapper.application; includeInIndex = 0; path = "UBoat LEX.app"; sourceTree = BUILT_PRODUCTS_DIR; };
		9A0E57EF1A40CB5D0079AD38 /* Info.plist */ = {isa = PBXFileReference; lastKnownFileType = text.plist.xml; path = Info.plist; sourceTree = "<group>"; };
		9A0E57F01A40CB5D0079AD38 /* AppDelegate.swift */ = {isa = PBXFileReference; lastKnownFileType = sourcecode.swift; path = AppDelegate.swift; sourceTree = "<group>"; };
		9A0E57F21A40CB5D0079AD38 /* ViewController.swift */ = {isa = PBXFileReference; lastKnownFileType = sourcecode.swift; path = ViewController.swift; sourceTree = "<group>"; };
		9A0E57F51A40CB5D0079AD38 /* Base */ = {isa = PBXFileReference; lastKnownFileType = file.storyboard; name = Base; path = Base.lproj/Main.storyboard; sourceTree = "<group>"; };
		9A0E57F71A40CB5D0079AD38 /* Images.xcassets */ = {isa = PBXFileReference; lastKnownFileType = folder.assetcatalog; path = Images.xcassets; sourceTree = "<group>"; };
		9A0E57FA1A40CB5D0079AD38 /* Base */ = {isa = PBXFileReference; lastKnownFileType = file.xib; name = Base; path = Base.lproj/LaunchScreen.xib; sourceTree = "<group>"; };
		9A0E58001A40CB5D0079AD38 /* UBoat LEXTests.xctest */ = {isa = PBXFileReference; explicitFileType = wrapper.cfbundle; includeInIndex = 0; path = "UBoat LEXTests.xctest"; sourceTree = BUILT_PRODUCTS_DIR; };
		9A0E58051A40CB5D0079AD38 /* Info.plist */ = {isa = PBXFileReference; lastKnownFileType = text.plist.xml; path = Info.plist; sourceTree = "<group>"; };
		9A0E58061A40CB5D0079AD38 /* UBoat_LEXTests.swift */ = {isa = PBXFileReference; lastKnownFileType = sourcecode.swift; path = UBoat_LEXTests.swift; sourceTree = "<group>"; };
		9A0E58101A40CC050079AD38 /* Menu.swift */ = {isa = PBXFileReference; fileEncoding = 4; lastKnownFileType = sourcecode.swift; path = Menu.swift; sourceTree = "<group>"; };
		9A0E58121A40D1090079AD38 /* Juego.swift */ = {isa = PBXFileReference; fileEncoding = 4; lastKnownFileType = sourcecode.swift; path = Juego.swift; sourceTree = "<group>"; };
/* End PBXFileReference section */

/* Begin PBXFrameworksBuildPhase section */
		9A0E57E81A40CB5D0079AD38 /* Frameworks */ = {
			isa = PBXFrameworksBuildPhase;
			buildActionMask = 2147483647;
			files = (
			);
			runOnlyForDeploymentPostprocessing = 0;
		};
		9A0E57FD1A40CB5D0079AD38 /* Frameworks */ = {
			isa = PBXFrameworksBuildPhase;
			buildActionMask = 2147483647;
			files = (
			);
			runOnlyForDeploymentPostprocessing = 0;
		};
/* End PBXFrameworksBuildPhase section */

/* Begin PBXGroup section */
		9A0E57E21A40CB5D0079AD38 = {
			isa = PBXGroup;
			children = (
				0C7843291A9762C100A11D6F /* misilc.atlas */,
				0C83C2F51A94FF5900133F03 /* sub.atlas */,
				9A0E57ED1A40CB5D0079AD38 /* UBoat LEX */,
				9A0E58031A40CB5D0079AD38 /* UBoat LEXTests */,
				9A0E57EC1A40CB5D0079AD38 /* Products */,
			);
			sourceTree = "<group>";
		};
		9A0E57EC1A40CB5D0079AD38 /* Products */ = {
			isa = PBXGroup;
			children = (
				9A0E57EB1A40CB5D0079AD38 /* UBoat LEX.app */,
				9A0E58001A40CB5D0079AD38 /* UBoat LEXTests.xctest */,
			);
			name = Products;
			sourceTree = "<group>";
		};
		9A0E57ED1A40CB5D0079AD38 /* UBoat LEX */ = {
			isa = PBXGroup;
			children = (
				9A0E57F01A40CB5D0079AD38 /* AppDelegate.swift */,
				9A0E57F21A40CB5D0079AD38 /* ViewController.swift */,
				9A0E58101A40CC050079AD38 /* Menu.swift */,
				9A0E58121A40D1090079AD38 /* Juego.swift */,
				136B56721A7E92B60045395D /* Record.swift */,
				13DD9D991A86303D00691401 /* Instrucciones.swift */,
				1392BFC71A6142EF00CCC422 /* Enemy.swift */,
				829FE4541A41E822001AD7D1 /* utilidades.swift */,
				9A0E57F41A40CB5D0079AD38 /* Main.storyboard */,
				9A0E57F71A40CB5D0079AD38 /* Images.xcassets */,
				1392BFCB1A616B0100CCC422 /* spark.png */,
				1392BFC91A6168F500CCC422 /* estelaMar.sks */,
				13DD9D9B1A86632200691401 /* explosion.sks */,
				136FE4FF1A7FF5330009D189 /* explosion.mp3 */,
				9A0E57F91A40CB5D0079AD38 /* LaunchScreen.xib */,
				9A0E57EE1A40CB5D0079AD38 /* Supporting Files */,
				0CEA52231A924CA500DC6F9B /* Volar.swift */,
			);
			path = "UBoat LEX";
			sourceTree = "<group>";
		};
		9A0E57EE1A40CB5D0079AD38 /* Supporting Files */ = {
			isa = PBXGroup;
			children = (
				9A0E57EF1A40CB5D0079AD38 /* Info.plist */,
			);
			name = "Supporting Files";
			sourceTree = "<group>";
		};
		9A0E58031A40CB5D0079AD38 /* UBoat LEXTests */ = {
			isa = PBXGroup;
			children = (
				9A0E58061A40CB5D0079AD38 /* UBoat_LEXTests.swift */,
				9A0E58041A40CB5D0079AD38 /* Supporting Files */,
			);
			path = "UBoat LEXTests";
			sourceTree = "<group>";
		};
		9A0E58041A40CB5D0079AD38 /* Supporting Files */ = {
			isa = PBXGroup;
			children = (
				9A0E58051A40CB5D0079AD38 /* Info.plist */,
			);
			name = "Supporting Files";
			sourceTree = "<group>";
		};
/* End PBXGroup section */

/* Begin PBXNativeTarget section */
		9A0E57EA1A40CB5D0079AD38 /* UBoat LEX */ = {
			isa = PBXNativeTarget;
			buildConfigurationList = 9A0E580A1A40CB5D0079AD38 /* Build configuration list for PBXNativeTarget "UBoat LEX" */;
			buildPhases = (
				9A0E57E71A40CB5D0079AD38 /* Sources */,
				9A0E57E81A40CB5D0079AD38 /* Frameworks */,
				9A0E57E91A40CB5D0079AD38 /* Resources */,
			);
			buildRules = (
			);
			dependencies = (
			);
			name = "UBoat LEX";
			productName = "UBoat LEX";
			productReference = 9A0E57EB1A40CB5D0079AD38 /* UBoat LEX.app */;
			productType = "com.apple.product-type.application";
		};
		9A0E57FF1A40CB5D0079AD38 /* UBoat LEXTests */ = {
			isa = PBXNativeTarget;
			buildConfigurationList = 9A0E580D1A40CB5D0079AD38 /* Build configuration list for PBXNativeTarget "UBoat LEXTests" */;
			buildPhases = (
				9A0E57FC1A40CB5D0079AD38 /* Sources */,
				9A0E57FD1A40CB5D0079AD38 /* Frameworks */,
				9A0E57FE1A40CB5D0079AD38 /* Resources */,
			);
			buildRules = (
			);
			dependencies = (
				9A0E58021A40CB5D0079AD38 /* PBXTargetDependency */,
			);
			name = "UBoat LEXTests";
			productName = "UBoat LEXTests";
			productReference = 9A0E58001A40CB5D0079AD38 /* UBoat LEXTests.xctest */;
			productType = "com.apple.product-type.bundle.unit-test";
		};
/* End PBXNativeTarget section */

/* Begin PBXProject section */
		9A0E57E31A40CB5D0079AD38 /* Project object */ = {
			isa = PBXProject;
			attributes = {
				LastUpgradeCheck = 0610;
				ORGANIZATIONNAME = Berganza;
				TargetAttributes = {
					9A0E57EA1A40CB5D0079AD38 = {
						CreatedOnToolsVersion = 6.1.1;
					};
					9A0E57FF1A40CB5D0079AD38 = {
						CreatedOnToolsVersion = 6.1.1;
						TestTargetID = 9A0E57EA1A40CB5D0079AD38;
					};
				};
			};
			buildConfigurationList = 9A0E57E61A40CB5D0079AD38 /* Build configuration list for PBXProject "UBoat LEX" */;
			compatibilityVersion = "Xcode 3.2";
			developmentRegion = English;
			hasScannedForEncodings = 0;
			knownRegions = (
				en,
				Base,
			);
			mainGroup = 9A0E57E21A40CB5D0079AD38;
			productRefGroup = 9A0E57EC1A40CB5D0079AD38 /* Products */;
			projectDirPath = "";
			projectRoot = "";
			targets = (
				9A0E57EA1A40CB5D0079AD38 /* UBoat LEX */,
				9A0E57FF1A40CB5D0079AD38 /* UBoat LEXTests */,
			);
		};
/* End PBXProject section */

/* Begin PBXResourcesBuildPhase section */
		9A0E57E91A40CB5D0079AD38 /* Resources */ = {
			isa = PBXResourcesBuildPhase;
			buildActionMask = 2147483647;
			files = (
				136FE5001A7FF5330009D189 /* explosion.mp3 in Resources */,
				1392BFCC1A616B0100CCC422 /* spark.png in Resources */,
				9A0E57F61A40CB5D0079AD38 /* Main.storyboard in Resources */,
				1392BFCA1A6168F500CCC422 /* estelaMar.sks in Resources */,
				13DD9D9C1A86632200691401 /* explosion.sks in Resources */,
				9A0E57FB1A40CB5D0079AD38 /* LaunchScreen.xib in Resources */,
				0C83C2F61A94FF5900133F03 /* sub.atlas in Resources */,
				0C78432A1A9762C100A11D6F /* misilc.atlas in Resources */,
				9A0E57F81A40CB5D0079AD38 /* Images.xcassets in Resources */,
			);
			runOnlyForDeploymentPostprocessing = 0;
		};
		9A0E57FE1A40CB5D0079AD38 /* Resources */ = {
			isa = PBXResourcesBuildPhase;
			buildActionMask = 2147483647;
			files = (
			);
			runOnlyForDeploymentPostprocessing = 0;
		};
/* End PBXResourcesBuildPhase section */

/* Begin PBXSourcesBuildPhase section */
		9A0E57E71A40CB5D0079AD38 /* Sources */ = {
			isa = PBXSourcesBuildPhase;
			buildActionMask = 2147483647;
			files = (
				829FE4551A41E822001AD7D1 /* utilidades.swift in Sources */,
				0CEA52241A924CA500DC6F9B /* Volar.swift in Sources */,
				9A0E58131A40D1090079AD38 /* Juego.swift in Sources */,
				1392BFC81A6142EF00CCC422 /* Enemy.swift in Sources */,
				9A0E58111A40CC050079AD38 /* Menu.swift in Sources */,
				136B56731A7E92B60045395D /* Record.swift in Sources */,
				9A0E57F31A40CB5D0079AD38 /* ViewController.swift in Sources */,
				9A0E57F11A40CB5D0079AD38 /* AppDelegate.swift in Sources */,
				13DD9D9A1A86303D00691401 /* Instrucciones.swift in Sources */,
			);
			runOnlyForDeploymentPostprocessing = 0;
		};
		9A0E57FC1A40CB5D0079AD38 /* Sources */ = {
			isa = PBXSourcesBuildPhase;
			buildActionMask = 2147483647;
			files = (
				9A0E58071A40CB5D0079AD38 /* UBoat_LEXTests.swift in Sources */,
			);
			runOnlyForDeploymentPostprocessing = 0;
		};
/* End PBXSourcesBuildPhase section */

/* Begin PBXTargetDependency section */
		9A0E58021A40CB5D0079AD38 /* PBXTargetDependency */ = {
			isa = PBXTargetDependency;
			target = 9A0E57EA1A40CB5D0079AD38 /* UBoat LEX */;
			targetProxy = 9A0E58011A40CB5D0079AD38 /* PBXContainerItemProxy */;
		};
/* End PBXTargetDependency section */

/* Begin PBXVariantGroup section */
		9A0E57F41A40CB5D0079AD38 /* Main.storyboard */ = {
			isa = PBXVariantGroup;
			children = (
				9A0E57F51A40CB5D0079AD38 /* Base */,
			);
			name = Main.storyboard;
			sourceTree = "<group>";
		};
		9A0E57F91A40CB5D0079AD38 /* LaunchScreen.xib */ = {
			isa = PBXVariantGroup;
			children = (
				9A0E57FA1A40CB5D0079AD38 /* Base */,
			);
			name = LaunchScreen.xib;
			sourceTree = "<group>";
		};
/* End PBXVariantGroup section */

/* Begin XCBuildConfiguration section */
		9A0E58081A40CB5D0079AD38 /* Debug */ = {
			isa = XCBuildConfiguration;
			buildSettings = {
				ALWAYS_SEARCH_USER_PATHS = NO;
				CLANG_CXX_LANGUAGE_STANDARD = "gnu++0x";
				CLANG_CXX_LIBRARY = "libc++";
				CLANG_ENABLE_MODULES = YES;
				CLANG_ENABLE_OBJC_ARC = YES;
				CLANG_WARN_BOOL_CONVERSION = YES;
				CLANG_WARN_CONSTANT_CONVERSION = YES;
				CLANG_WARN_DIRECT_OBJC_ISA_USAGE = YES_ERROR;
				CLANG_WARN_EMPTY_BODY = YES;
				CLANG_WARN_ENUM_CONVERSION = YES;
				CLANG_WARN_INT_CONVERSION = YES;
				CLANG_WARN_OBJC_ROOT_CLASS = YES_ERROR;
				CLANG_WARN_UNREACHABLE_CODE = YES;
				CLANG_WARN__DUPLICATE_METHOD_MATCH = YES;
				"CODE_SIGN_IDENTITY[sdk=iphoneos*]" = "iPhone Developer";
				COPY_PHASE_STRIP = NO;
				ENABLE_STRICT_OBJC_MSGSEND = YES;
				GCC_C_LANGUAGE_STANDARD = gnu99;
				GCC_DYNAMIC_NO_PIC = NO;
				GCC_OPTIMIZATION_LEVEL = 0;
				GCC_PREPROCESSOR_DEFINITIONS = (
					"DEBUG=1",
					"$(inherited)",
				);
				GCC_SYMBOLS_PRIVATE_EXTERN = NO;
				GCC_WARN_64_TO_32_BIT_CONVERSION = YES;
				GCC_WARN_ABOUT_RETURN_TYPE = YES_ERROR;
				GCC_WARN_UNDECLARED_SELECTOR = YES;
				GCC_WARN_UNINITIALIZED_AUTOS = YES_AGGRESSIVE;
				GCC_WARN_UNUSED_FUNCTION = YES;
				GCC_WARN_UNUSED_VARIABLE = YES;
				IPHONEOS_DEPLOYMENT_TARGET = 8.1;
				MTL_ENABLE_DEBUG_INFO = YES;
				ONLY_ACTIVE_ARCH = YES;
				SDKROOT = iphoneos;
				SWIFT_OPTIMIZATION_LEVEL = "-Onone";
				TARGETED_DEVICE_FAMILY = "1,2";
			};
			name = Debug;
		};
		9A0E58091A40CB5D0079AD38 /* Release */ = {
			isa = XCBuildConfiguration;
			buildSettings = {
				ALWAYS_SEARCH_USER_PATHS = NO;
				CLANG_CXX_LANGUAGE_STANDARD = "gnu++0x";
				CLANG_CXX_LIBRARY = "libc++";
				CLANG_ENABLE_MODULES = YES;
				CLANG_ENABLE_OBJC_ARC = YES;
				CLANG_WARN_BOOL_CONVERSION = YES;
				CLANG_WARN_CONSTANT_CONVERSION = YES;
				CLANG_WARN_DIRECT_OBJC_ISA_USAGE = YES_ERROR;
				CLANG_WARN_EMPTY_BODY = YES;
				CLANG_WARN_ENUM_CONVERSION = YES;
				CLANG_WARN_INT_CONVERSION = YES;
				CLANG_WARN_OBJC_ROOT_CLASS = YES_ERROR;
				CLANG_WARN_UNREACHABLE_CODE = YES;
				CLANG_WARN__DUPLICATE_METHOD_MATCH = YES;
				"CODE_SIGN_IDENTITY[sdk=iphoneos*]" = "iPhone Developer";
				COPY_PHASE_STRIP = YES;
				ENABLE_NS_ASSERTIONS = NO;
				ENABLE_STRICT_OBJC_MSGSEND = YES;
				GCC_C_LANGUAGE_STANDARD = gnu99;
				GCC_WARN_64_TO_32_BIT_CONVERSION = YES;
				GCC_WARN_ABOUT_RETURN_TYPE = YES_ERROR;
				GCC_WARN_UNDECLARED_SELECTOR = YES;
				GCC_WARN_UNINITIALIZED_AUTOS = YES_AGGRESSIVE;
				GCC_WARN_UNUSED_FUNCTION = YES;
				GCC_WARN_UNUSED_VARIABLE = YES;
				IPHONEOS_DEPLOYMENT_TARGET = 8.1;
				MTL_ENABLE_DEBUG_INFO = NO;
				SDKROOT = iphoneos;
				TARGETED_DEVICE_FAMILY = "1,2";
				VALIDATE_PRODUCT = YES;
			};
			name = Release;
		};
		9A0E580B1A40CB5D0079AD38 /* Debug */ = {
			isa = XCBuildConfiguration;
			buildSettings = {
				ASSETCATALOG_COMPILER_APPICON_NAME = AppIcon;
				INFOPLIST_FILE = "UBoat LEX/Info.plist";
				LD_RUNPATH_SEARCH_PATHS = "$(inherited) @executable_path/Frameworks";
				PRODUCT_NAME = "$(TARGET_NAME)";
			};
			name = Debug;
		};
		9A0E580C1A40CB5D0079AD38 /* Release */ = {
			isa = XCBuildConfiguration;
			buildSettings = {
				ASSETCATALOG_COMPILER_APPICON_NAME = AppIcon;
				INFOPLIST_FILE = "UBoat LEX/Info.plist";
				LD_RUNPATH_SEARCH_PATHS = "$(inherited) @executable_path/Frameworks";
				PRODUCT_NAME = "$(TARGET_NAME)";
			};
			name = Release;
		};
		9A0E580E1A40CB5D0079AD38 /* Debug */ = {
			isa = XCBuildConfiguration;
			buildSettings = {
				BUNDLE_LOADER = "$(TEST_HOST)";
				FRAMEWORK_SEARCH_PATHS = (
					"$(SDKROOT)/Developer/Library/Frameworks",
					"$(inherited)",
				);
				GCC_PREPROCESSOR_DEFINITIONS = (
					"DEBUG=1",
					"$(inherited)",
				);
				INFOPLIST_FILE = "UBoat LEXTests/Info.plist";
				LD_RUNPATH_SEARCH_PATHS = "$(inherited) @executable_path/Frameworks @loader_path/Frameworks";
				PRODUCT_NAME = "$(TARGET_NAME)";
				TEST_HOST = "$(BUILT_PRODUCTS_DIR)/UBoat LEX.app/UBoat LEX";
			};
			name = Debug;
		};
		9A0E580F1A40CB5D0079AD38 /* Release */ = {
			isa = XCBuildConfiguration;
			buildSettings = {
				BUNDLE_LOADER = "$(TEST_HOST)";
				FRAMEWORK_SEARCH_PATHS = (
					"$(SDKROOT)/Developer/Library/Frameworks",
					"$(inherited)",
				);
				INFOPLIST_FILE = "UBoat LEXTests/Info.plist";
				LD_RUNPATH_SEARCH_PATHS = "$(inherited) @executable_path/Frameworks @loader_path/Frameworks";
				PRODUCT_NAME = "$(TARGET_NAME)";
				TEST_HOST = "$(BUILT_PRODUCTS_DIR)/UBoat LEX.app/UBoat LEX";
			};
			name = Release;
		};
/* End XCBuildConfiguration section */

/* Begin XCConfigurationList section */
		9A0E57E61A40CB5D0079AD38 /* Build configuration list for PBXProject "UBoat LEX" */ = {
			isa = XCConfigurationList;
			buildConfigurations = (
				9A0E58081A40CB5D0079AD38 /* Debug */,
				9A0E58091A40CB5D0079AD38 /* Release */,
			);
			defaultConfigurationIsVisible = 0;
			defaultConfigurationName = Release;
		};
		9A0E580A1A40CB5D0079AD38 /* Build configuration list for PBXNativeTarget "UBoat LEX" */ = {
			isa = XCConfigurationList;
			buildConfigurations = (
				9A0E580B1A40CB5D0079AD38 /* Debug */,
				9A0E580C1A40CB5D0079AD38 /* Release */,
			);
			defaultConfigurationIsVisible = 0;
			defaultConfigurationName = Release;
		};
		9A0E580D1A40CB5D0079AD38 /* Build configuration list for PBXNativeTarget "UBoat LEXTests" */ = {
			isa = XCConfigurationList;
			buildConfigurations = (
				9A0E580E1A40CB5D0079AD38 /* Debug */,
				9A0E580F1A40CB5D0079AD38 /* Release */,
			);
			defaultConfigurationIsVisible = 0;
			defaultConfigurationName = Release;
		};
/* End XCConfigurationList section */
	};
	rootObject = 9A0E57E31A40CB5D0079AD38 /* Project object */;
}
